<?xml version="1.0" encoding="utf-8"?>
<Project ToolsVersion="4.0" xmlns="http://schemas.microsoft.com/developer/msbuild/2003">
  <ItemGroup>
    <ClInclude Include="Source\Emulators\RevEmu.h">
      <Filter>Emulators</Filter>
    </ClInclude>
    <ClInclude Include="Source\Emulators\RevEmu2013.h">
      <Filter>Emulators</Filter>
    </ClInclude>
    <ClInclude Include="Source\Emulators\SC2009.h">
      <Filter>Emulators</Filter>
    </ClInclude>
    <ClInclude Include="Source\Emulators\Setti.h">
      <Filter>Emulators</Filter>
    </ClInclude>
    <ClInclude Include="Source\Emulators\SmartSteamEmu.h">
      <Filter>Emulators</Filter>
    </ClInclude>
    <ClInclude Include="Source\Emulators\SteamEmu.h">
      <Filter>Emulators</Filter>
    </ClInclude>
    <ClInclude Include="Source\Emulators\AVSMP.h">
      <Filter>Emulators</Filter>
    </ClInclude>
    <ClInclude Include="Source\Emulators\OldRevEmu.h">
      <Filter>Emulators</Filter>
    </ClInclude>
    <ClInclude Include="Source\Public\ExternIP.h" />
    <ClInclude Include="Source\Public\HTTP.h" />
    <ClInclude Include="Source\Public\RevSpoofer.h" />
    <ClInclude Include="Source\Public\StrUtils.h" />
    <ClInclude Include="Source\Public\Encryption\DoubleBuffering.h" />
    <ClInclude Include="Source\Public\Encryption\MessageDigest.h" />
    <ClInclude Include="Source\Public\Encryption\SHA.h" />
    <ClInclude Include="Source\Public\Encryption\CRijndael.h" />
  </ItemGroup>
  <ItemGroup>
    <Filter Include="Shared">
      <UniqueIdentifier>{aa31de1d-5b39-429b-8c07-a95c4eda4fb5}</UniqueIdentifier>
    </Filter>
    <Filter Include="Shared\Encryption">
      <UniqueIdentifier>{8e23d3c2-571a-4f6a-a8f6-e75ee62e2644}</UniqueIdentifier>
    </Filter>
    <Filter Include="Emulators">
      <UniqueIdentifier>{fef297a2-d5d5-4bc4-af16-537523fefcdf}</UniqueIdentifier>
    </Filter>
  </ItemGroup>
  <ItemGroup>
    <ClCompile Include="Source\Public\ExternIP.cpp" />
    <ClCompile Include="Source\Public\RevSpoofer.cpp" />
    <ClCompile Include="Source\Public\StrUtils.cpp" />
    <ClCompile Include="Source\Public\Encryption\DoubleBuffering.cpp" />
    <ClCompile Include="Source\Public\Encryption\MessageDigest.cpp" />
    <ClCompile Include="Source\Public\Encryption\SHA.cpp" />
    <ClCompile Include="Source\Public\Encryption\CRijndael.cpp" />
  </ItemGroup>
</Project>